{
  "lockfileVersion": 1,
  "configVersion": 1,
  "workspaces": {
    "": {
      "name": "phone-wand-monorepo",
      "devDependencies": {
        "@phone-wand/core": "workspace:*",
        "@phone-wand/relay": "workspace:*",
        "@types/bun": "^1.4.2",
        "phone-wand": "workspace:*",
        "typescript": "^5.9",
      },
    },
    "packages/client-js": {
      "name": "phone-wand",
      "version": "0.1.0",
    },
    "packages/core": {
      "name": "@phone-wand/core",
      "version": "0.1.0",
    },
    "packages/dashboard": {
      "name": "@phone-wand/dashboard",
      "version": "0.1.0",
      "dependencies": {
        "phone-wand": "workspace:*",
      },
    },
    "packages/phone": {
      "name": "@phone-wand/phone",
      "version": "0.1.0",
      "dependencies": {
        "@phone-wand/core": "workspace:*",
      },
    },
    "packages/relay": {
      "name": "@phone-wand/relay",
      "version": "0.1.0",
      "bin": {
        "phone-wand": "src/main.ts",
      },
      "dependencies": {
        "@peculiar/x509": "^2.1.0",
        "@phone-wand/core": "workspace:*",
        "qrcode": "^1.5.4",
        "reflect-metadata": "^0.2.2",
      },
      "devDependencies": {
        "@types/qrcode": "^1.5.6",
      },
    },
  },
  "packages": {
    "@peculiar/asn1-asym-key": ["@peculiar/asn1-asym-key@2.9.5", "", { "dependencies": { "@peculiar/asn1-pkcs8": "^2.9.5", "@peculiar/asn1-schema": "^2.9.5", "@peculiar/asn1-x509": "^2.9.5", "asn1js": "^3.0.10", "tslib": "^2.8.1" } }, "sha512-U3Q2bUWYNVpfk+oOhPl/+OSHxXaBTQBwMf93jJ7oPi/sbmcY5CnARdjGMwLoXT/ggWSryo5t7A7o3/Gfz0U2WA=="],

    "@peculiar/asn1-cms": ["@peculiar/asn1-cms@2.9.5", "", { "dependencies": { "@peculiar/asn1-schema": "^2.9.5", "@peculiar/asn1-x509": "^2.9.5", "@peculiar/asn1-x509-attr": "^2.9.5", "asn1js": "^3.0.10", "tslib": "^2.8.1" } }, "sha512-4Ivz0fsyFofe0bslNsYcGN9+iETdHX4v+BFwIPr+K/BAt61sHXECP63ff9FntU9zcfVQELJFdUG9so44OjUlBQ=="],

    "@peculiar/asn1-csr": ["@peculiar/asn1-csr@2.9.5", "", { "dependencies": { "@peculiar/asn1-schema": "^2.9.5", "@peculiar/asn1-x509": "^2.9.5", "asn1js": "^3.0.10", "tslib": "^2.8.1" } }, "sha512-9dO6PcoJeI+1xJ4rG7eINMa6f9Ix/QdRs5UGZ0D7v/R3TzmsbVr5cqAgfYw4xgS9U54ouHYqEz0bIZBbM/UY1g=="],

    "@peculiar/asn1-ecc": ["@peculiar/asn1-ecc@2.9.5", "", { "dependencies": { "@peculiar/asn1-schema": "^2.9.5", "@peculiar/asn1-x509": "^2.9.5", "asn1js": "^3.0.10", "tslib": "^2.8.1" } }, "sha512-OD+HLlcV7wCL64w0rheX/C0J31DbJce0nf8ulv3UNftQ617JEZE3sQ4cMN6PotXWlJ1M5GQx90G3bywtdKOstw=="],

    "@peculiar/asn1-pfx": ["@peculiar/asn1-pfx@2.9.5", "", { "dependencies": { "@peculiar/asn1-cms": "^2.9.5", "@peculiar/asn1-pkcs8": "^2.9.5", "@peculiar/asn1-rsa": "^2.9.5", "@peculiar/asn1-schema": "^2.9.5", "asn1js": "^3.0.10", "tslib": "^2.8.1" } }, "sha512-btcH7lbcD4410qnjHvv7F0kEuMNKbX8CFAZSs9CDPWHKzT1byLPHYeR40AnUw9z4CzsijMY0daBFYUvVx75sdA=="],

    "@peculiar/asn1-pkcs8": ["@peculiar/asn1-pkcs8@2.9.5", "", { "dependencies": { "@peculiar/asn1-schema": "^2.9.5", "@peculiar/asn1-x509": "^2.9.5", "asn1js": "^3.0.10", "tslib": "^2.8.1" } }, "sha512-c7UghAGQdBfAHL9JdwcJkAc/lDJKNXfCdYXPXlf8BZdD/fVJjJnXKHxX4gyLhkFTvnGhME7caieSgc2ROtqYTQ=="],

    "@peculiar/asn1-pkcs9": ["@peculiar/asn1-pkcs9@2.9.5", "", { "dependencies": { "@peculiar/asn1-cms": "^2.9.5", "@peculiar/asn1-pfx": "^2.9.5", "@peculiar/asn1-pkcs8": "^2.9.5", "@peculiar/asn1-schema": "^2.9.5", "@peculiar/asn1-x509": "^2.9.5", "@peculiar/asn1-x509-attr": "^2.9.5", "asn1js": "^3.0.10", "tslib": "^2.8.1" } }, "sha512-4R/zMgLSHbQIZRBwP1KzX6iuNHmW3xFWwu9TS9A00N60fmQqp9DkkqnQFyd0mAYMQTrQefuzQ/yP4U8sOLGUgQ=="],

    "@peculiar/asn1-rsa": ["@peculiar/asn1-rsa@2.9.5", "", { "dependencies": { "@peculiar/asn1-schema": "^2.9.5", "@peculiar/asn1-x509": "^2.9.5", "asn1js": "^3.0.10", "tslib": "^2.8.1" } }, "sha512-kHwBLVMkm9ljlM521ovS7y4z4mr8xuHTdNyyoPlDvckBwFKSgs9HqKBryLBeqHqL2YpIgl+Vspl7kzNGG2phzA=="],

    "@peculiar/asn1-schema": ["@peculiar/asn1-schema@2.9.5", "", { "dependencies": { "@peculiar/utils": "^2.0.2", "asn1js": "^3.0.10", "tslib": "^2.8.1" } }, "sha512-Ez3wLKVjaxdsLcgeWN4OE31QkM7oBOgKuuBJxldRYAkfYw2C+8zJPcSd/SThnbhszsEOlAmoaS5kIIkN29fGKQ=="],

    "@peculiar/asn1-x509": ["@peculiar/asn1-x509@2.9.5", "", { "dependencies": { "@peculiar/asn1-schema": "^2.9.5", "@peculiar/utils": "^2.0.2", "asn1js": "^3.0.10", "tslib": "^2.8.1" } }, "sha512-NP3ecvN6zTDlwCvogIWL7MJN9AZNuskkIbnlhrlkB97Mn2EqirBUQ8GKzsOmdAL3pRvjGu1Uk/a4DNfiZrWxhw=="],

    "@peculiar/asn1-x509-attr": ["@peculiar/asn1-x509-attr@2.9.5", "", { "dependencies": { "@peculiar/asn1-schema": "^2.9.5", "@peculiar/asn1-x509": "^2.9.5", "asn1js": "^3.0.10", "tslib": "^2.8.1" } }, "sha512-PlbL1a74RZiry7puPCZ5hdk/puvivxYJPbjadr2i7DBjHCJFEKCfTRPKL3DILeZFtzJjn95J5EBtSc4/TB9/6Q=="],

    "@peculiar/asn1-x509-post-quantum": ["@peculiar/asn1-x509-post-quantum@2.9.5", "", { "dependencies": { "@peculiar/asn1-asym-key": "^2.9.5", "@peculiar/asn1-schema": "^2.9.5", "@peculiar/asn1-x509": "^2.9.5", "asn1js": "^3.0.10", "tslib": "^2.8.1" } }, "sha512-CTznDkboSgwRpXSFhta+Pe5cQ12JtojdMrmOZTWYkBSvbW/1R5pflPIHkpSlaILIfGcAaxIVpXq880xCfJYzow=="],

    "@peculiar/utils": ["@peculiar/utils@2.0.3", "", { "dependencies": { "tslib": "^2.8.1" } }, "sha512-+oL3HPFRIZ1St2K50lWCXiioIgSoxzz7R1J3uF6neO2yl1sgmpgY6XXJH4BdpoDkMWznQTeYF6oWNDZLCdQ4eQ=="],

    "@peculiar/x509": ["@peculiar/x509@2.1.0", "", { "dependencies": { "@peculiar/asn1-cms": "^2.9.4", "@peculiar/asn1-csr": "^2.9.4", "@peculiar/asn1-ecc": "^2.9.4", "@peculiar/asn1-pkcs9": "^2.9.4", "@peculiar/asn1-rsa": "^2.9.4", "@peculiar/asn1-schema": "^2.9.4", "@peculiar/asn1-x509": "^2.9.4", "@peculiar/asn1-x509-post-quantum": "^2.9.4", "pvtsutils": "^1.3.6", "tslib": "^2.8.1", "tsyringe": "^4.10.0" } }, "sha512-IYbg1R03CSQGWwl24kGyqrdVtixNSbRaDvBg1r5wyYjTP+VwPQkka1BzTgU5+vxiuwqg04OxdvdJ1xYYFIdUSA=="],

    "@phone-wand/core": ["@phone-wand/core@workspace:packages/core"],

    "@phone-wand/dashboard": ["@phone-wand/dashboard@workspace:packages/dashboard"],

    "@phone-wand/phone": ["@phone-wand/phone@workspace:packages/phone"],

    "@phone-wand/relay": ["@phone-wand/relay@workspace:packages/relay"],

    "@types/bun": ["@types/bun@1.4.2", "", { "dependencies": { "bun-types": "1.4.2" } }, "sha512-GimotNn7+ZV0uVArItBbriZsR1oNf0+WTzPkdcFrzShI7k2norL0uzEaJT8T33dWr7O/c9ZDuAFQrctKCi72oQ=="],

    "@types/node": ["@types/node@26.6.3", "", { "dependencies": { "undici-types": "~8.9.0" } }, "sha512-dsqMQQoeTLqu9wynDD00q573mNzso3IdQOAfHRJqLCcmCFPoGo9A1bDpUcv/9tnKpErQWv9uKeGfl37EIS02Yg=="],

    "@types/qrcode": ["@types/qrcode@1.5.6", "", { "dependencies": { "@types/node": "*" } }, "sha512-te7NQcV2BOvdj2b1hCAHzAoMNuj65kNBMz0KBaxM6c3VGBOhU0dURQKOtH8CFNI/dsKkwlv32p26qYQTWoB5bw=="],

    "ansi-regex": ["ansi-regex@5.0.1", "", {}, "sha512-quJQXlTSUGL2LH9SUXo8VwsY4soanhgo6LNSm84E1LBcE8s3O0wpdiRzyR9z/ZZJMlMWv37qOOb9pdJlMUEKFQ=="],

    "ansi-styles": ["ansi-styles@4.3.0", "", { "dependencies": { "color-convert": "^2.0.1" } }, "sha512-zbB9rCJAT1rbjiVDb2hqKFHNYLxgtk8NURxZ3IZwD3F6NtxbXZQCnnSi1Lkx+IDohdPlFp222wVALIheZJQSEg=="],

    "asn1js": ["asn1js@3.0.10", "", { "dependencies": { "pvtsutils": "^1.3.6", "pvutils": "^1.1.5", "tslib": "^2.8.1" } }, "sha512-S2s3aOytiKdFRdulw2qPE51MzjzVOisppcVv7jVFR+Kw0kxwvFrDcYA0h7Ndqbmj0HkMIXYWaoj7fli8kgx1eg=="],

    "bun-types": ["bun-types@1.4.2", "", { "dependencies": { "@types/node": "*" } }, "sha512-bxV1FgK7yBIzjRe5zBozIM4Bem11ZJcCXSrjWRG3YWLt8yFDePu4cLjpebO8OvPeIE9trbyPF4fuj3Cia4Fj3w=="],

    "camelcase": ["camelcase@5.3.1", "", {}, "sha512-L28STB170nwWS63UjtlEOE3dldQApaJXZkOI1uMFfzf3rRuPegHaHesyee+YxQ+W6SvRDQV6UrdOdRiR153wJg=="],

    "cliui": ["cliui@6.0.0", "", { "dependencies": { "string-width": "^4.2.0", "strip-ansi": "^6.0.0", "wrap-ansi": "^6.2.0" } }, "sha512-t6wbgtoCXvAzst7QgXxJYqPt0usEfbgQdftEPbLL/cvv6HPE5VgvqCuAIDR0NgU52ds6rFwqrgakNLrHEjCbrQ=="],

    "color-convert": ["color-convert@2.0.1", "", { "dependencies": { "color-name": "~1.1.4" } }, "sha512-RRECPsj7iu/xb5oKYcsFHSppFNnsj/52OVTRKb4zP5onXwVF3zVmmToNcOfGC+CRDpfK/U584fMg38ZHCaElKQ=="],

    "color-name": ["color-name@1.1.4", "", {}, "sha512-dOy+3AuW3a2wNbZHIuMZpTcgjGuLU/uBL/ubcZF9OXbDo8ff4O8yVp5Bf0efS8uEoYo5q4Fx7dY9OgQGXgAsQA=="],

    "decamelize": ["decamelize@1.2.0", "", {}, "sha512-z2S+W9X73hAUUki+N+9Za2lBlun89zigOyGrsax+KUQ6wKW4ZoWpEYBkGhQjwAjjDCkWxhY0VKEhk8wzY7F5cA=="],

    "dijkstrajs": ["dijkstrajs@1.0.3", "", {}, "sha512-qiSlmBq9+BCdCA/L46dw8Uy93mloxsPSbwnm5yrKn2vMPiy8KyAskTF6zuV/j5BMsmOGZDPs7KjU+mjb670kfA=="],

    "emoji-regex": ["emoji-regex@8.0.0", "", {}, "sha512-MSjYzcWNOA0ewAHpz0MxpYFvwg6yjy1NG3xteoqz644VCo/RPgnr1/GGt+ic3iJTzQ8Eu3TdM14SawnVUmGE6A=="],

    "find-up": ["find-up@4.1.0", "", { "dependencies": { "locate-path": "^5.0.0", "path-exists": "^4.0.0" } }, "sha512-PpOwAdQ/YlXQ2vj8a3h8IipDuYRi3wceVQQGYWxNINccq40Anw7BlsEXCMbt1Zt+OLA6Fq9suIpIWD0OsnISlw=="],

    "get-caller-file": ["get-caller-file@2.0.5", "", {}, "sha512-DyFP3BM/3YHTQOCUL/w0OZHR0lpKeGrxotcHWcqNEdnltqFwXVfhEBQ94eIo34AfQpo0rGki4cyIiftY06h2Fg=="],

    "is-fullwidth-code-point": ["is-fullwidth-code-point@3.0.0", "", {}, "sha512-zymm5+u+sCsSWyD9qNaejV3DFvhCKclKdizYaJUuHA83RLjb7nSuGnddCHGv0hk+KY7BMAlsWeK4Ueg6EV6XQg=="],

    "locate-path": ["locate-path@5.0.0", "", { "dependencies": { "p-locate": "^4.1.0" } }, "sha512-t7hw9pI+WvuwNJXwk5zVHpyhIqzg2qTlklJOf0mVxGSbe3Fp2VieZcduNYjaLDoy6p9uGpQEGWG87WpMKlNq8g=="],

    "p-limit": ["p-limit@2.3.0", "", { "dependencies": { "p-try": "^2.0.0" } }, "sha512-//88mFWSJx8lxCzwdAABTJL2MyWB12+eIY7MDL2SqLmAkeKU9qxRvWuSyTjm3FUmpBEMuFfckAIqEaVGUDxb6w=="],

    "p-locate": ["p-locate@4.1.0", "", { "dependencies": { "p-limit": "^2.2.0" } }, "sha512-R79ZZ/0wAxKGu3oYMlz8jy/kbhsNrS7SKZ7PxEHBgJ5+F2mtFW2fK2cOtBh1cHYkQsbzFV7I+EoRKe6Yt0oK7A=="],

    "p-try": ["p-try@2.2.0", "", {}, "sha512-R4nPAVTAU0B9D35/Gk3uJf/7XYbQcyohSKdvAxIRSNghFl4e71hVoGnBNQz9cWaXxO2I10KTC+3jMdvvoKw6dQ=="],

    "path-exists": ["path-exists@4.0.0", "", {}, "sha512-ak9Qy5Q7jYb2Wwcey5Fpvg2KoAc/ZIhLSLOSBmRmygPsGwkVVt0fZa0qrtMz+m6tJTAHfZQ8FnmB4MG4LWy7/w=="],

    "phone-wand": ["phone-wand@workspace:packages/client-js"],

    "pngjs": ["pngjs@5.0.0", "", {}, "sha512-40QW5YalBNfQo5yRYmiw7Yz6TKKVr3h6970B2YE+3fQpsWcrbj1PzJgxeJ19DRQjhMbKPIuMY8rFaXc8moolVw=="],

    "pvtsutils": ["pvtsutils@1.3.6", "", { "dependencies": { "tslib": "^2.8.1" } }, "sha512-PLgQXQ6H2FWCaeRak8vvk1GW462lMxB5s3Jm673N82zI4vqtVUPuZdffdZbPDFRoU8kAhItWFtPCWiPpp4/EDg=="],

    "pvutils": ["pvutils@1.2.0", "", {}, "sha512-BbubeCEyTuQjVMakvJQ/Sxbc93F2pwmbsxONT/ZRrwU7Ua38d8unYTwXpTVLAKJ4BDuH9IGztCjQcd/N/39Dvg=="],

    "qrcode": ["qrcode@1.5.4", "", { "dependencies": { "dijkstrajs": "^1.0.1", "pngjs": "^5.0.0", "yargs": "^15.3.1" }, "bin": { "qrcode": "bin/qrcode" } }, "sha512-1ca71Zgiu6ORjHqFBDpnSMTR2ReToX4l1Au1VFLyVeBTFavzQnv5JxMFr3ukHVKpSrSA2MCk0lNJSykjUfz7Zg=="],

    "reflect-metadata": ["reflect-metadata@0.2.2", "", {}, "sha512-urBwgfrvVP/eAyXx4hluJivBKzuEbSQs9rKWCrCkbSxNv8mxPcUZKeuoF3Uy4mJl3Lwprp6yy5/39VWigZ4K6Q=="],

    "require-directory": ["require-directory@2.1.1", "", {}, "sha512-fGxEI7+wsG9xrvdjsrlmL22OMTTiHRwAMroiEeMgq8gzoLC/PQr7RsRDSTLUg/bZAZtF+TVIkHc6/4RIKrui+Q=="],

    "require-main-filename": ["require-main-filename@2.0.0", "", {}, "sha512-NKN5kMDylKuldxYLSUfrbo5Tuzh4hd+2E8NPPX02mZtn1VuREQToYe/ZdlJy+J3uCpfaiGF05e7B8W0iXbQHmg=="],

    "set-blocking": ["set-blocking@2.0.0", "", {}, "sha512-KiKBS8AnWGEyLzofFfmvKwpdPzqiy16LvQfK3yv/fVH7Bj13/wl3JSR1J+rfgRE9q7xUJK4qvgS8raSOeLUehw=="],

    "string-width": ["string-width@4.2.3", "", { "dependencies": { "emoji-regex": "^8.0.0", "is-fullwidth-code-point": "^3.0.0", "strip-ansi": "^6.0.1" } }, "sha512-wKyQRQpjJ0sIp62ErSZdGsjMJWsap5oRNihHhu6G7JVO/9jIB6UyevL+tXuOqrng8j/cxKTWyWUwvSTriiZz/g=="],

    "strip-ansi": ["strip-ansi@6.0.1", "", { "dependencies": { "ansi-regex": "^5.0.1" } }, "sha512-Y38VPSHcqkFrCpFnQ9vuSXmquuv5oXOKpGeT6aGrr3o3Gc9AlVa6JBfUSOCnbxGGZF+/0ooI7KrPuUSztUdU5A=="],

    "tslib": ["tslib@2.8.1", "", {}, "sha512-oJFu94HQb+KVduSUQL7wnpmqnfmLsOA/nAh6b6EH0wCEoK0/mPeXU6c3wKDV83MkOuHPRHtSXKKU99IBazS/2w=="],

    "tsyringe": ["tsyringe@4.10.0", "", { "dependencies": { "tslib": "^1.9.3" } }, "sha512-axr3IdNuVIxnaK5XGEUFTu3YmAQ6lllgrvqfEoR16g/HGnYY/6We4oWENtAnzK6/LpJ2ur9PAb80RBt7/U4ugw=="],

    "typescript": ["typescript@5.9.3", "", { "bin": { "tsc": "bin/tsc", "tsserver": "bin/tsserver" } }, "sha512-jl1vZzPDinLr9eUt3J/t7V6FgNEw9QjvBPdysz9KfQDD41fQrC2Y4vKQdiaUpFT4bXlb1RHhLpp8wtm6M5TgSw=="],

    "undici-types": ["undici-types@8.9.0", "", {}, "sha512-KTDyRTYX8sWmKXAikPHHSyc63CRPETMctyjKFupcC6OBLXT3xsN0e9aF7m+mIXutFWpUXuedtowG7iLOzp0kQg=="],

    "which-module": ["which-module@2.0.1", "", {}, "sha512-iBdZ57RDvnOR9AGBhML2vFZf7h8vmBjhoaZqODJBFWHVtKkDmKuHai3cx5PgVMrX5YDNp27AofYbAwctSS+vhQ=="],

    "wrap-ansi": ["wrap-ansi@6.2.0", "", { "dependencies": { "ansi-styles": "^4.0.0", "string-width": "^4.1.0", "strip-ansi": "^6.0.0" } }, "sha512-r6lPcBGxZXlIcymEu7InxDMhdW0KDxpLgoFLcguasxCaJ/SOIZwINatK9KY/tf+ZrlywOKU0UDj3ATXUBfxJXA=="],

    "y18n": ["y18n@4.0.3", "", {}, "sha512-JKhqTOwSrqNA1NY5lSztJ1GrBiUodLMmIZuLiDaMRJ+itFd+ABVE8XBjOvIWL+rSqNDC74LCSFmlb/U4UZ4hJQ=="],

    "yargs": ["yargs@15.4.1", "", { "dependencies": { "cliui": "^6.0.0", "decamelize": "^1.2.0", "find-up": "^4.1.0", "get-caller-file": "^2.0.1", "require-directory": "^2.1.1", "require-main-filename": "^2.0.0", "set-blocking": "^2.0.0", "string-width": "^4.2.0", "which-module": "^2.0.0", "y18n": "^4.0.0", "yargs-parser": "^18.1.2" } }, "sha512-aePbxDmcYW++PaqBsJ+HYUFwCdv4LVvdnhBy78E57PIor8/OVvhMrADFFEDh8DHDFRv/O9i3lPhsENjO7QX0+A=="],

    "yargs-parser": ["yargs-parser@18.1.3", "", { "dependencies": { "camelcase": "^5.0.0", "decamelize": "^1.2.0" } }, "sha512-o50j0JeToy/4K6OZcaQmW6lyXXKhq7csREXcDwk2omFPJEwUNOVtJKvmDr9EI1fAJZUyZcRF7kxGBWmRXudrCQ=="],

    "tsyringe/tslib": ["tslib@1.14.1", "", {}, "sha512-Xni35NKzjgMrwevysHTCArtLDpPvye8zV/0E4EyYn43P7/7qvQwPh9BGkHewbMulVntbigmcT7rdX3BNo9wRJg=="],
  }
}
